
Microsoft Visual Studio Solution File, Format Version 12.00
# Visual Studio Version 17
VisualStudioVersion = 17.14.37328.6 d17.14
MinimumVisualStudioVersion = 10.0.40219.1
Project("{8BC9CEB8-8B4A-11D0-8D11-00A0C91BC942}") = "GetCommutateurInfo_RS232", "GetCommutateurInfo_RS232.vcxproj", "{6960672A-DB51-49FB-A938-7252741C9DAE}"
EndProject
Global
	GlobalSection(SolutionConfigurationPlatforms) = preSolution
		Release|Win32 = Release|Win32
	EndGlobalSection
	GlobalSection(ProjectConfigurationPlatforms) = postSolution
		{6960672A-DB51-49FB-A938-7252741C9DAE}.Release|Win32.ActiveCfg = Release|Win32
		{6960672A-DB51-49FB-A938-7252741C9DAE}.Release|Win32.Build.0 = Release|Win32
	EndGlobalSection
	GlobalSection(SolutionProperties) = preSolution
		HideSolutionNode = FALSE
	EndGlobalSection
	GlobalSection(ExtensibilityGlobals) = postSolution
		SolutionGuid = {487C6DF9-3A7F-4E52-B5BB-91E28C140F3C}
	EndGlobalSection
EndGlobal
